
Microsoft Visual Studio Solution File, Format Version 12.00
# Visual Studio 15
VisualStudioVersion = 15.0.27428.2037
MinimumVisualStudioVersion = 10.0.40219.1
Project("{D954291E-2A0B-460D-934E-DC6B0785DB48}") = "ACBr.Net.NFSe.Shared", "ACBr.Net.NFSe.Shared\ACBr.Net.NFSe.Shared.shproj", "{6637C494-9544-4844-86E7-65D99D12C0F0}"
EndProject
Project("{2150E333-8FDC-42A3-9474-1A3956D46DE8}") = "Libs", "Libs", "{5F2D5256-AC85-4E6F-A8AB-EBA27576D3D2}"
EndProject
Project("{9A19103F-16F7-4668-BE54-9A1E7A4F7556}") = "ACBr.Net.NFSe.Standard", "ACBr.Net.NFSe.Standard\ACBr.Net.NFSe.Standard.csproj", "{226792C8-5818-46B7-A814-994F81DA84ED}"
EndProject
Global
	GlobalSection(SharedMSBuildProjectFiles) = preSolution
		ACBr.Net.NFSe.Shared\ACBr.Net.NFSe.Shared.projitems*{6637c494-9544-4844-86e7-65d99d12c0f0}*SharedItemsImports = 13
	EndGlobalSection
	GlobalSection(SolutionConfigurationPlatforms) = preSolution
		Debug|Any CPU = Debug|Any CPU
		Release|Any CPU = Release|Any CPU
	EndGlobalSection
	GlobalSection(ProjectConfigurationPlatforms) = postSolution
		{226792C8-5818-46B7-A814-994F81DA84ED}.Debug|Any CPU.ActiveCfg = Debug|Any CPU
		{226792C8-5818-46B7-A814-994F81DA84ED}.Debug|Any CPU.Build.0 = Debug|Any CPU
		{226792C8-5818-46B7-A814-994F81DA84ED}.Release|Any CPU.ActiveCfg = Release|Any CPU
		{226792C8-5818-46B7-A814-994F81DA84ED}.Release|Any CPU.Build.0 = Release|Any CPU
	EndGlobalSection
	GlobalSection(SolutionProperties) = preSolution
		HideSolutionNode = FALSE
	EndGlobalSection
	GlobalSection(NestedProjects) = preSolution
		{226792C8-5818-46B7-A814-994F81DA84ED} = {5F2D5256-AC85-4E6F-A8AB-EBA27576D3D2}
	EndGlobalSection
	GlobalSection(ExtensibilityGlobals) = postSolution
		SolutionGuid = {599C9E21-8398-497F-9D1B-2FA3228EA632}
	EndGlobalSection
EndGlobal
